
Microsoft Visual Studio Solution File, Format Version 12.00
# Visual Studio 14
VisualStudioVersion = 14.0.23107.0
MinimumVisualStudioVersion = 10.0.40219.1
Project("{FAE04EC0-301F-11D3-BF4B-00C04F79EFBC}") = "TSPPproject", "TSPPproject\TSPPproject.csproj", "{33DB249F-D925-458B-A270-ED256C89039F}"
EndProject
Project("{2150E333-8FDC-42A3-9474-1A3956D46DE8}") = "PublishScripts", "PublishScripts", "{9B3D831E-8825-4AEF-AE23-9409E7C58262}"
	ProjectSection(SolutionItems) = preProject
		PublishScripts\AzureVMPublishModule.psm1 = PublishScripts\AzureVMPublishModule.psm1
		PublishScripts\Publish-WebApplicationVM.ps1 = PublishScripts\Publish-WebApplicationVM.ps1
	EndProjectSection
EndProject
Project("{2150E333-8FDC-42A3-9474-1A3956D46DE8}") = "Configurations", "Configurations", "{85088D1E-5984-45AE-A377-E163984E0676}"
	ProjectSection(SolutionItems) = preProject
		PublishScripts\Configurations\TSPPproject-VM-dev.json = PublishScripts\Configurations\TSPPproject-VM-dev.json
	EndProjectSection
EndProject
Project("{F088123C-0E9E-452A-89E6-6BA2F21D5CAC}") = "TSPP", "TSPP\TSPP.modelproj", "{9A0D5DEB-5DBC-4F9F-85AE-DF5BAD8823F4}"
EndProject
Global
	GlobalSection(SolutionConfigurationPlatforms) = preSolution
		Debug|Any CPU = Debug|Any CPU
		Release|Any CPU = Release|Any CPU
	EndGlobalSection
	GlobalSection(ProjectConfigurationPlatforms) = postSolution
		{33DB249F-D925-458B-A270-ED256C89039F}.Debug|Any CPU.ActiveCfg = Debug|Any CPU
		{33DB249F-D925-458B-A270-ED256C89039F}.Debug|Any CPU.Build.0 = Debug|Any CPU
		{33DB249F-D925-458B-A270-ED256C89039F}.Release|Any CPU.ActiveCfg = Release|Any CPU
		{33DB249F-D925-458B-A270-ED256C89039F}.Release|Any CPU.Build.0 = Release|Any CPU
		{9A0D5DEB-5DBC-4F9F-85AE-DF5BAD8823F4}.Debug|Any CPU.ActiveCfg = Debug|Any CPU
		{9A0D5DEB-5DBC-4F9F-85AE-DF5BAD8823F4}.Debug|Any CPU.Build.0 = Debug|Any CPU
		{9A0D5DEB-5DBC-4F9F-85AE-DF5BAD8823F4}.Release|Any CPU.ActiveCfg = Release|Any CPU
		{9A0D5DEB-5DBC-4F9F-85AE-DF5BAD8823F4}.Release|Any CPU.Build.0 = Release|Any CPU
	EndGlobalSection
	GlobalSection(SolutionProperties) = preSolution
		HideSolutionNode = FALSE
	EndGlobalSection
	GlobalSection(NestedProjects) = preSolution
		{85088D1E-5984-45AE-A377-E163984E0676} = {9B3D831E-8825-4AEF-AE23-9409E7C58262}
	EndGlobalSection
EndGlobal
